
Microsoft Visual Studio Solution File, Format Version 12.00
# Visual Studio 15
VisualStudioVersion = 15.0.28010.2046
MinimumVisualStudioVersion = 10.0.40219.1
Project("{9A19103F-16F7-4668-BE54-9A1E7A4F7556}") = "WIS.Billing.BusinessLogicCore", "WIS.Billing.BusinessLogicCore\WIS.Billing.BusinessLogicCore.csproj", "{E26C63E6-F3F6-4E42-9A2B-AFCBD52D3D18}"
EndProject
Project("{9A19103F-16F7-4668-BE54-9A1E7A4F7556}") = "WIS.Billing.DataAccessCore", "WIS.Billing.DataAccessCore\WIS.Billing.DataAccessCore.csproj", "{1475C500-25B4-4560-B3DB-79EC86F88990}"
EndProject
Project("{9A19103F-16F7-4668-BE54-9A1E7A4F7556}") = "WIS.Billing.EntitiesCore", "WIS.Billing.EntitiesCore\WIS.Billing.EntitiesCore.csproj", "{D94185D5-91C9-446A-B277-CCAE409E3176}"
EndProject
Project("{9A19103F-16F7-4668-BE54-9A1E7A4F7556}") = "WIS.Billing.WebSiteCore", "WIS.Billing.WebSiteCore\WIS.Billing.WebSiteCore.csproj", "{9D5DA6AB-E122-467E-B74C-2E4D817E8C83}"
EndProject
Project("{9A19103F-16F7-4668-BE54-9A1E7A4F7556}") = "WIS.Billing.CommonCore", "WIS.Billing.CommonCore\WIS.Billing.CommonCore\WIS.Billing.CommonCore.csproj", "{5F317EBF-6213-479B-AD34-A2360288C889}"
EndProject
Project("{9A19103F-16F7-4668-BE54-9A1E7A4F7556}") = "WIS.Billing.InternalServicesCore", "WIS.Billing.ServicesCore\WIS.Billing.InternalServicesCore\WIS.Billing.InternalServicesCore.csproj", "{9492F1B4-EA65-4AC6-BB01-F55FC032150E}"
EndProject
Project("{FAE04EC0-301F-11D3-BF4B-00C04F79EFBC}") = "WIS.Billing.Localization", "WIS.Billing.Localization\WIS.Billing.Localization.csproj", "{A7FC23BD-1B42-4F85-BAA1-8A3A7156CBA1}"
EndProject
Global
	GlobalSection(SolutionConfigurationPlatforms) = preSolution
		Debug|Any CPU = Debug|Any CPU
		Release|Any CPU = Release|Any CPU
	EndGlobalSection
	GlobalSection(ProjectConfigurationPlatforms) = postSolution
		{E26C63E6-F3F6-4E42-9A2B-AFCBD52D3D18}.Debug|Any CPU.ActiveCfg = Debug|Any CPU
		{E26C63E6-F3F6-4E42-9A2B-AFCBD52D3D18}.Debug|Any CPU.Build.0 = Debug|Any CPU
		{E26C63E6-F3F6-4E42-9A2B-AFCBD52D3D18}.Release|Any CPU.ActiveCfg = Release|Any CPU
		{E26C63E6-F3F6-4E42-9A2B-AFCBD52D3D18}.Release|Any CPU.Build.0 = Release|Any CPU
		{1475C500-25B4-4560-B3DB-79EC86F88990}.Debug|Any CPU.ActiveCfg = Debug|Any CPU
		{1475C500-25B4-4560-B3DB-79EC86F88990}.Debug|Any CPU.Build.0 = Debug|Any CPU
		{1475C500-25B4-4560-B3DB-79EC86F88990}.Release|Any CPU.ActiveCfg = Release|Any CPU
		{1475C500-25B4-4560-B3DB-79EC86F88990}.Release|Any CPU.Build.0 = Release|Any CPU
		{D94185D5-91C9-446A-B277-CCAE409E3176}.Debug|Any CPU.ActiveCfg = Debug|Any CPU
		{D94185D5-91C9-446A-B277-CCAE409E3176}.Debug|Any CPU.Build.0 = Debug|Any CPU
		{D94185D5-91C9-446A-B277-CCAE409E3176}.Release|Any CPU.ActiveCfg = Release|Any CPU
		{D94185D5-91C9-446A-B277-CCAE409E3176}.Release|Any CPU.Build.0 = Release|Any CPU
		{9D5DA6AB-E122-467E-B74C-2E4D817E8C83}.Debug|Any CPU.ActiveCfg = Debug|Any CPU
		{9D5DA6AB-E122-467E-B74C-2E4D817E8C83}.Debug|Any CPU.Build.0 = Debug|Any CPU
		{9D5DA6AB-E122-467E-B74C-2E4D817E8C83}.Release|Any CPU.ActiveCfg = Release|Any CPU
		{9D5DA6AB-E122-467E-B74C-2E4D817E8C83}.Release|Any CPU.Build.0 = Release|Any CPU
		{5F317EBF-6213-479B-AD34-A2360288C889}.Debug|Any CPU.ActiveCfg = Debug|Any CPU
		{5F317EBF-6213-479B-AD34-A2360288C889}.Debug|Any CPU.Build.0 = Debug|Any CPU
		{5F317EBF-6213-479B-AD34-A2360288C889}.Release|Any CPU.ActiveCfg = Release|Any CPU
		{5F317EBF-6213-479B-AD34-A2360288C889}.Release|Any CPU.Build.0 = Release|Any CPU
		{9492F1B4-EA65-4AC6-BB01-F55FC032150E}.Debug|Any CPU.ActiveCfg = Debug|Any CPU
		{9492F1B4-EA65-4AC6-BB01-F55FC032150E}.Debug|Any CPU.Build.0 = Debug|Any CPU
		{9492F1B4-EA65-4AC6-BB01-F55FC032150E}.Release|Any CPU.ActiveCfg = Release|Any CPU
		{9492F1B4-EA65-4AC6-BB01-F55FC032150E}.Release|Any CPU.Build.0 = Release|Any CPU
		{A7FC23BD-1B42-4F85-BAA1-8A3A7156CBA1}.Debug|Any CPU.ActiveCfg = Debug|Any CPU
		{A7FC23BD-1B42-4F85-BAA1-8A3A7156CBA1}.Debug|Any CPU.Build.0 = Debug|Any CPU
		{A7FC23BD-1B42-4F85-BAA1-8A3A7156CBA1}.Release|Any CPU.ActiveCfg = Release|Any CPU
		{A7FC23BD-1B42-4F85-BAA1-8A3A7156CBA1}.Release|Any CPU.Build.0 = Release|Any CPU
	EndGlobalSection
	GlobalSection(SolutionProperties) = preSolution
		HideSolutionNode = FALSE
	EndGlobalSection
	GlobalSection(ExtensibilityGlobals) = postSolution
		SolutionGuid = {E3371550-AE51-433F-8F9A-D5597A0F50A9}
	EndGlobalSection
EndGlobal
