
Microsoft Visual Studio Solution File, Format Version 12.00
# Visual Studio 15
VisualStudioVersion = 15.0.28010.2046
MinimumVisualStudioVersion = 10.0.40219.1
Project("{FAE04EC0-301F-11D3-BF4B-00C04F79EFBC}") = "WIS.Billing.BusinessLogic", "WIS.Billing.BusinessLogic\WIS.Billing.BusinessLogic.csproj", "{8ACEF923-8FB4-44FF-B47A-ECAC84EC2845}"
EndProject
Project("{FAE04EC0-301F-11D3-BF4B-00C04F79EFBC}") = "WIS.Billing.Entities", "WIS.Billing.Entities\WIS.Billing.Entities.csproj", "{F163A43A-4869-4A61-A400-BC17D173F8C5}"
EndProject
Project("{FAE04EC0-301F-11D3-BF4B-00C04F79EFBC}") = "WIS.Billing.DataAccess", "WIS.Billing.DataAccess\WIS.Billing.DataAccess.csproj", "{E720EE2A-1AF4-4A3B-956D-364706911622}"
EndProject
Project("{9A19103F-16F7-4668-BE54-9A1E7A4F7556}") = "WIS.Billing.WebSite", "WIS.Billing.WebSite\WIS.Billing.WebSite.csproj", "{C3F1352E-9970-407C-9F64-179AD00835A7}"
EndProject
Project("{9A19103F-16F7-4668-BE54-9A1E7A4F7556}") = "WIS.Billing.BusinessLogicCore", "WIS.Billing.BusinessLogicCore\WIS.Billing.BusinessLogicCore.csproj", "{E26C63E6-F3F6-4E42-9A2B-AFCBD52D3D18}"
EndProject
Project("{9A19103F-16F7-4668-BE54-9A1E7A4F7556}") = "WIS.Billing.DataAccessCore", "WIS.Billing.DataAccessCore\WIS.Billing.DataAccessCore.csproj", "{1475C500-25B4-4560-B3DB-79EC86F88990}"
EndProject
Project("{9A19103F-16F7-4668-BE54-9A1E7A4F7556}") = "WIS.Billing.EntitiesCore", "WIS.Billing.EntitiesCore\WIS.Billing.EntitiesCore.csproj", "{D94185D5-91C9-446A-B277-CCAE409E3176}"
EndProject
Project("{9A19103F-16F7-4668-BE54-9A1E7A4F7556}") = "WIS.Billing.WebSiteCore", "WIS.Billing.WebSiteCore\WIS.Billing.WebSiteCore.csproj", "{9D5DA6AB-E122-467E-B74C-2E4D817E8C83}"
EndProject
Project("{FAE04EC0-301F-11D3-BF4B-00C04F79EFBC}") = "WIS.Billing.CommonCore", "WIS.Billing.CommonCore\WIS.Billing.CommonCore\WIS.Billing.CommonCore.csproj", "{5F317EBF-6213-479B-AD34-A2360288C889}"
EndProject
Project("{FAE04EC0-301F-11D3-BF4B-00C04F79EFBC}") = "WIS.Common", "WIS.Billing.Common\WIS.Common.csproj", "{32D10AB3-87F3-4C7F-BCCF-A73E97999818}"
EndProject
Global
	GlobalSection(SolutionConfigurationPlatforms) = preSolution
		Debug|Any CPU = Debug|Any CPU
		Release|Any CPU = Release|Any CPU
	EndGlobalSection
	GlobalSection(ProjectConfigurationPlatforms) = postSolution
		{8ACEF923-8FB4-44FF-B47A-ECAC84EC2845}.Debug|Any CPU.ActiveCfg = Debug|Any CPU
		{8ACEF923-8FB4-44FF-B47A-ECAC84EC2845}.Debug|Any CPU.Build.0 = Debug|Any CPU
		{8ACEF923-8FB4-44FF-B47A-ECAC84EC2845}.Release|Any CPU.ActiveCfg = Release|Any CPU
		{8ACEF923-8FB4-44FF-B47A-ECAC84EC2845}.Release|Any CPU.Build.0 = Release|Any CPU
		{F163A43A-4869-4A61-A400-BC17D173F8C5}.Debug|Any CPU.ActiveCfg = Debug|Any CPU
		{F163A43A-4869-4A61-A400-BC17D173F8C5}.Debug|Any CPU.Build.0 = Debug|Any CPU
		{F163A43A-4869-4A61-A400-BC17D173F8C5}.Release|Any CPU.ActiveCfg = Release|Any CPU
		{F163A43A-4869-4A61-A400-BC17D173F8C5}.Release|Any CPU.Build.0 = Release|Any CPU
		{E720EE2A-1AF4-4A3B-956D-364706911622}.Debug|Any CPU.ActiveCfg = Debug|Any CPU
		{E720EE2A-1AF4-4A3B-956D-364706911622}.Debug|Any CPU.Build.0 = Debug|Any CPU
		{E720EE2A-1AF4-4A3B-956D-364706911622}.Release|Any CPU.ActiveCfg = Release|Any CPU
		{E720EE2A-1AF4-4A3B-956D-364706911622}.Release|Any CPU.Build.0 = Release|Any CPU
		{C3F1352E-9970-407C-9F64-179AD00835A7}.Debug|Any CPU.ActiveCfg = Debug|Any CPU
		{C3F1352E-9970-407C-9F64-179AD00835A7}.Debug|Any CPU.Build.0 = Debug|Any CPU
		{C3F1352E-9970-407C-9F64-179AD00835A7}.Release|Any CPU.ActiveCfg = Release|Any CPU
		{C3F1352E-9970-407C-9F64-179AD00835A7}.Release|Any CPU.Build.0 = Release|Any CPU
		{E26C63E6-F3F6-4E42-9A2B-AFCBD52D3D18}.Debug|Any CPU.ActiveCfg = Debug|Any CPU
		{E26C63E6-F3F6-4E42-9A2B-AFCBD52D3D18}.Debug|Any CPU.Build.0 = Debug|Any CPU
		{E26C63E6-F3F6-4E42-9A2B-AFCBD52D3D18}.Release|Any CPU.ActiveCfg = Release|Any CPU
		{E26C63E6-F3F6-4E42-9A2B-AFCBD52D3D18}.Release|Any CPU.Build.0 = Release|Any CPU
		{1475C500-25B4-4560-B3DB-79EC86F88990}.Debug|Any CPU.ActiveCfg = Debug|Any CPU
		{1475C500-25B4-4560-B3DB-79EC86F88990}.Debug|Any CPU.Build.0 = Debug|Any CPU
		{1475C500-25B4-4560-B3DB-79EC86F88990}.Release|Any CPU.ActiveCfg = Release|Any CPU
		{1475C500-25B4-4560-B3DB-79EC86F88990}.Release|Any CPU.Build.0 = Release|Any CPU
		{D94185D5-91C9-446A-B277-CCAE409E3176}.Debug|Any CPU.ActiveCfg = Debug|Any CPU
		{D94185D5-91C9-446A-B277-CCAE409E3176}.Debug|Any CPU.Build.0 = Debug|Any CPU
		{D94185D5-91C9-446A-B277-CCAE409E3176}.Release|Any CPU.ActiveCfg = Release|Any CPU
		{D94185D5-91C9-446A-B277-CCAE409E3176}.Release|Any CPU.Build.0 = Release|Any CPU
		{9D5DA6AB-E122-467E-B74C-2E4D817E8C83}.Debug|Any CPU.ActiveCfg = Debug|Any CPU
		{9D5DA6AB-E122-467E-B74C-2E4D817E8C83}.Debug|Any CPU.Build.0 = Debug|Any CPU
		{9D5DA6AB-E122-467E-B74C-2E4D817E8C83}.Release|Any CPU.ActiveCfg = Release|Any CPU
		{9D5DA6AB-E122-467E-B74C-2E4D817E8C83}.Release|Any CPU.Build.0 = Release|Any CPU
		{5F317EBF-6213-479B-AD34-A2360288C889}.Debug|Any CPU.ActiveCfg = Debug|Any CPU
		{5F317EBF-6213-479B-AD34-A2360288C889}.Debug|Any CPU.Build.0 = Debug|Any CPU
		{5F317EBF-6213-479B-AD34-A2360288C889}.Release|Any CPU.ActiveCfg = Release|Any CPU
		{5F317EBF-6213-479B-AD34-A2360288C889}.Release|Any CPU.Build.0 = Release|Any CPU
		{32D10AB3-87F3-4C7F-BCCF-A73E97999818}.Debug|Any CPU.ActiveCfg = Debug|Any CPU
		{32D10AB3-87F3-4C7F-BCCF-A73E97999818}.Debug|Any CPU.Build.0 = Debug|Any CPU
		{32D10AB3-87F3-4C7F-BCCF-A73E97999818}.Release|Any CPU.ActiveCfg = Release|Any CPU
		{32D10AB3-87F3-4C7F-BCCF-A73E97999818}.Release|Any CPU.Build.0 = Release|Any CPU
	EndGlobalSection
	GlobalSection(SolutionProperties) = preSolution
		HideSolutionNode = FALSE
	EndGlobalSection
	GlobalSection(ExtensibilityGlobals) = postSolution
		SolutionGuid = {E3371550-AE51-433F-8F9A-D5597A0F50A9}
	EndGlobalSection
EndGlobal
